
Microsoft Visual Studio Solution File, Format Version 12.00
# Visual Studio 15
VisualStudioVersion = 15.0.28307.1401
MinimumVisualStudioVersion = 10.0.40219.1
Project("{9A19103F-16F7-4668-BE54-9A1E7A4F7556}") = "BlueModas.UI", "BlueModas.UI\BlueModas.UI.csproj", "{D664AEFC-6EB5-4B37-B92A-7A04EE4E21A1}"
EndProject
Project("{9A19103F-16F7-4668-BE54-9A1E7A4F7556}") = "BlueModas.Application", "BlueModas.Application\BlueModas.Application.csproj", "{FB7531E0-916A-4DFE-87C1-116D3AD883C8}"
EndProject
Project("{9A19103F-16F7-4668-BE54-9A1E7A4F7556}") = "BlueModas.Database", "BlueModas.Database\BlueModas.Database.csproj", "{AB16A6F8-C765-4F76-9DA5-FFDC352E96EB}"
EndProject
Project("{9A19103F-16F7-4668-BE54-9A1E7A4F7556}") = "BlueModas.Domain", "BlueModas.Domain\BlueModas.Domain.csproj", "{7A25B577-ACD9-4888-B95A-1404331C84E7}"
EndProject
Global
	GlobalSection(SolutionConfigurationPlatforms) = preSolution
		Debug|Any CPU = Debug|Any CPU
		Release|Any CPU = Release|Any CPU
	EndGlobalSection
	GlobalSection(ProjectConfigurationPlatforms) = postSolution
		{D664AEFC-6EB5-4B37-B92A-7A04EE4E21A1}.Debug|Any CPU.ActiveCfg = Debug|Any CPU
		{D664AEFC-6EB5-4B37-B92A-7A04EE4E21A1}.Debug|Any CPU.Build.0 = Debug|Any CPU
		{D664AEFC-6EB5-4B37-B92A-7A04EE4E21A1}.Release|Any CPU.ActiveCfg = Release|Any CPU
		{D664AEFC-6EB5-4B37-B92A-7A04EE4E21A1}.Release|Any CPU.Build.0 = Release|Any CPU
		{FB7531E0-916A-4DFE-87C1-116D3AD883C8}.Debug|Any CPU.ActiveCfg = Debug|Any CPU
		{FB7531E0-916A-4DFE-87C1-116D3AD883C8}.Debug|Any CPU.Build.0 = Debug|Any CPU
		{FB7531E0-916A-4DFE-87C1-116D3AD883C8}.Release|Any CPU.ActiveCfg = Release|Any CPU
		{FB7531E0-916A-4DFE-87C1-116D3AD883C8}.Release|Any CPU.Build.0 = Release|Any CPU
		{AB16A6F8-C765-4F76-9DA5-FFDC352E96EB}.Debug|Any CPU.ActiveCfg = Debug|Any CPU
		{AB16A6F8-C765-4F76-9DA5-FFDC352E96EB}.Debug|Any CPU.Build.0 = Debug|Any CPU
		{AB16A6F8-C765-4F76-9DA5-FFDC352E96EB}.Release|Any CPU.ActiveCfg = Release|Any CPU
		{AB16A6F8-C765-4F76-9DA5-FFDC352E96EB}.Release|Any CPU.Build.0 = Release|Any CPU
		{7A25B577-ACD9-4888-B95A-1404331C84E7}.Debug|Any CPU.ActiveCfg = Debug|Any CPU
		{7A25B577-ACD9-4888-B95A-1404331C84E7}.Debug|Any CPU.Build.0 = Debug|Any CPU
		{7A25B577-ACD9-4888-B95A-1404331C84E7}.Release|Any CPU.ActiveCfg = Release|Any CPU
		{7A25B577-ACD9-4888-B95A-1404331C84E7}.Release|Any CPU.Build.0 = Release|Any CPU
	EndGlobalSection
	GlobalSection(SolutionProperties) = preSolution
		HideSolutionNode = FALSE
	EndGlobalSection
	GlobalSection(ExtensibilityGlobals) = postSolution
		SolutionGuid = {7236F08B-CD6D-450E-A1FA-757D3C8B14E0}
	EndGlobalSection
EndGlobal
